
Microsoft Visual Studio Solution File, Format Version 12.00
# Visual Studio Version 17
VisualStudioVersion = 17.9.34723.18
MinimumVisualStudioVersion = 10.0.40219.1
Project("{FAE04EC0-301F-11D3-BF4B-00C04F79EFBC}") = "ConsoleApp2", "ConsoleApp2\ConsoleApp2.csproj", "{E98C3C81-7A96-4913-B9B7-9B758C0F081F}"
EndProject
Global
	GlobalSection(SolutionConfigurationPlatforms) = preSolution
		Debug|Any CPU = Debug|Any CPU
		Release|Any CPU = Release|Any CPU
	EndGlobalSection
	GlobalSection(ProjectConfigurationPlatforms) = postSolution
		{E98C3C81-7A96-4913-B9B7-9B758C0F081F}.Debug|Any CPU.ActiveCfg = Debug|Any CPU
		{E98C3C81-7A96-4913-B9B7-9B758C0F081F}.Debug|Any CPU.Build.0 = Debug|Any CPU
		{E98C3C81-7A96-4913-B9B7-9B758C0F081F}.Release|Any CPU.ActiveCfg = Release|Any CPU
		{E98C3C81-7A96-4913-B9B7-9B758C0F081F}.Release|Any CPU.Build.0 = Release|Any CPU
	EndGlobalSection
	GlobalSection(SolutionProperties) = preSolution
		HideSolutionNode = FALSE
	EndGlobalSection
	GlobalSection(ExtensibilityGlobals) = postSolution
		SolutionGuid = {43300B12-2F0D-48D7-84B2-D2AE7EEBD2C0}
	EndGlobalSection
EndGlobal
