
Microsoft Visual Studio Solution File, Format Version 12.00
# Visual Studio Version 17
VisualStudioVersion = 17.9.34723.18
MinimumVisualStudioVersion = 10.0.40219.1
Project("{FAE04EC0-301F-11D3-BF4B-00C04F79EFBC}") = "Programa.cs", "Programa.cs\Programa.cs.csproj", "{AA273C57-5A9C-40A7-8AA9-3AF241C74490}"
EndProject
Global
	GlobalSection(SolutionConfigurationPlatforms) = preSolution
		Debug|Any CPU = Debug|Any CPU
		Release|Any CPU = Release|Any CPU
	EndGlobalSection
	GlobalSection(ProjectConfigurationPlatforms) = postSolution
		{AA273C57-5A9C-40A7-8AA9-3AF241C74490}.Debug|Any CPU.ActiveCfg = Debug|Any CPU
		{AA273C57-5A9C-40A7-8AA9-3AF241C74490}.Debug|Any CPU.Build.0 = Debug|Any CPU
		{AA273C57-5A9C-40A7-8AA9-3AF241C74490}.Release|Any CPU.ActiveCfg = Release|Any CPU
		{AA273C57-5A9C-40A7-8AA9-3AF241C74490}.Release|Any CPU.Build.0 = Release|Any CPU
	EndGlobalSection
	GlobalSection(SolutionProperties) = preSolution
		HideSolutionNode = FALSE
	EndGlobalSection
	GlobalSection(ExtensibilityGlobals) = postSolution
		SolutionGuid = {7437E97C-0AA2-481F-86B1-4AE1D510FF9F}
	EndGlobalSection
EndGlobal
